
Microsoft Visual Studio Solution File, Format Version 12.00
# Visual Studio Version 17
VisualStudioVersion = 17.5.33530.505
MinimumVisualStudioVersion = 10.0.40219.1
Project("{FAE04EC0-301F-11D3-BF4B-00C04F79EFBC}") = "YamlFormatter", "YamlFormatter\YamlFormatter.csproj", "{D3359642-3AAA-4178-BE9E-8BEB0159B204}"
EndProject
Project("{FAE04EC0-301F-11D3-BF4B-00C04F79EFBC}") = "TestApi", "TestApi\TestApi.csproj", "{087FDBE2-BDF7-4188-8CFF-EF10FCE010CB}"
EndProject
Global
	GlobalSection(SolutionConfigurationPlatforms) = preSolution
		Debug|Any CPU = Debug|Any CPU
		Release|Any CPU = Release|Any CPU
	EndGlobalSection
	GlobalSection(ProjectConfigurationPlatforms) = postSolution
		{D3359642-3AAA-4178-BE9E-8BEB0159B204}.Debug|Any CPU.ActiveCfg = Debug|Any CPU
		{D3359642-3AAA-4178-BE9E-8BEB0159B204}.Debug|Any CPU.Build.0 = Debug|Any CPU
		{D3359642-3AAA-4178-BE9E-8BEB0159B204}.Release|Any CPU.ActiveCfg = Release|Any CPU
		{D3359642-3AAA-4178-BE9E-8BEB0159B204}.Release|Any CPU.Build.0 = Release|Any CPU
		{087FDBE2-BDF7-4188-8CFF-EF10FCE010CB}.Debug|Any CPU.ActiveCfg = Debug|Any CPU
		{087FDBE2-BDF7-4188-8CFF-EF10FCE010CB}.Debug|Any CPU.Build.0 = Debug|Any CPU
		{087FDBE2-BDF7-4188-8CFF-EF10FCE010CB}.Release|Any CPU.ActiveCfg = Release|Any CPU
		{087FDBE2-BDF7-4188-8CFF-EF10FCE010CB}.Release|Any CPU.Build.0 = Release|Any CPU
	EndGlobalSection
	GlobalSection(SolutionProperties) = preSolution
		HideSolutionNode = FALSE
	EndGlobalSection
	GlobalSection(ExtensibilityGlobals) = postSolution
		SolutionGuid = {036DBC67-FEDF-4921-9017-C98AC73E80AF}
	EndGlobalSection
EndGlobal
